
Microsoft Visual Studio Solution File, Format Version 12.00
# Visual Studio 15
Project("{FAE04EC0-301F-11D3-BF4B-00C04F79EFBC}") = "Assembly-CSharp", "Assembly-CSharp.csproj", "{FA99405E-E334-6779-7F35-EAE2B11F4B52}"
EndProject
Global
	GlobalSection(SolutionConfigurationPlatforms) = preSolution
		Debug|Any CPU = Debug|Any CPU
		Release|Any CPU = Release|Any CPU
	EndGlobalSection
	GlobalSection(ProjectConfigurationPlatforms) = postSolution
		{FA99405E-E334-6779-7F35-EAE2B11F4B52}.Debug|Any CPU.ActiveCfg = Debug|Any CPU
		{FA99405E-E334-6779-7F35-EAE2B11F4B52}.Debug|Any CPU.Build.0 = Debug|Any CPU
		{FA99405E-E334-6779-7F35-EAE2B11F4B52}.Release|Any CPU.ActiveCfg = Release|Any CPU
		{FA99405E-E334-6779-7F35-EAE2B11F4B52}.Release|Any CPU.Build.0 = Release|Any CPU
	EndGlobalSection
	GlobalSection(SolutionProperties) = preSolution
		HideSolutionNode = FALSE
	EndGlobalSection
	GlobalSection(MonoDevelopProperties) = preSolution
		StartupItem = Assembly-CSharp.csproj
	EndGlobalSection
EndGlobal
