
Microsoft Visual Studio Solution File, Format Version 12.00
# Visual Studio Version 16
VisualStudioVersion = 16.0.31313.79
MinimumVisualStudioVersion = 10.0.40219.1
Project("{9A19103F-16F7-4668-BE54-9A1E7A4F7556}") = "Lesson2_变量", "Lesson2_变量\Lesson2_变量.csproj", "{51D0D157-8EB5-4893-BAFC-8A3B32F98CDA}"
EndProject
Project("{9A19103F-16F7-4668-BE54-9A1E7A4F7556}") = "Lesson3_变量本质", "Lesson3_变量本质\Lesson3_变量本质.csproj", "{A200A278-5953-4F0A-A1DC-2AC8EF65BA31}"
EndProject
Project("{9A19103F-16F7-4668-BE54-9A1E7A4F7556}") = "Lesson4_变量的命名规则", "Lesson4_变量的命名规则\Lesson4_变量的命名规则.csproj", "{70D097D1-8849-4D5D-933F-B95EBFAE4457}"
EndProject
Project("{9A19103F-16F7-4668-BE54-9A1E7A4F7556}") = "Lesson5_常量", "Lesson5_常量\Lesson5_常量.csproj", "{D09EEAE6-A6D2-4D66-A540-07C7BAE0FD42}"
EndProject
Project("{9A19103F-16F7-4668-BE54-9A1E7A4F7556}") = "Lesson6_转义字符", "Lesson6_转义字符\Lesson6_转义字符.csproj", "{C8D00EC7-CB9F-46AB-8083-3FE50F9BD757}"
EndProject
Project("{9A19103F-16F7-4668-BE54-9A1E7A4F7556}") = "Lesson7_类型转换（隐式转换）", "Lesson7_类型转换（隐式转换）\Lesson7_类型转换（隐式转换）.csproj", "{AFA35015-6A7A-4926-B4AF-865E480A36F1}"
EndProject
Project("{FAE04EC0-301F-11D3-BF4B-00C04F79EFBC}") = "Lesson8_类型转换_显示转换", "Lesson8_类型转换_显示转换\Lesson8_类型转换_显示转换.csproj", "{07F01DF4-B5C1-4658-BEB5-1A6704211CE3}"
EndProject
Global
	GlobalSection(SolutionConfigurationPlatforms) = preSolution
		Debug|Any CPU = Debug|Any CPU
		Release|Any CPU = Release|Any CPU
	EndGlobalSection
	GlobalSection(ProjectConfigurationPlatforms) = postSolution
		{51D0D157-8EB5-4893-BAFC-8A3B32F98CDA}.Debug|Any CPU.ActiveCfg = Debug|Any CPU
		{51D0D157-8EB5-4893-BAFC-8A3B32F98CDA}.Debug|Any CPU.Build.0 = Debug|Any CPU
		{51D0D157-8EB5-4893-BAFC-8A3B32F98CDA}.Release|Any CPU.ActiveCfg = Release|Any CPU
		{51D0D157-8EB5-4893-BAFC-8A3B32F98CDA}.Release|Any CPU.Build.0 = Release|Any CPU
		{A200A278-5953-4F0A-A1DC-2AC8EF65BA31}.Debug|Any CPU.ActiveCfg = Debug|Any CPU
		{A200A278-5953-4F0A-A1DC-2AC8EF65BA31}.Debug|Any CPU.Build.0 = Debug|Any CPU
		{A200A278-5953-4F0A-A1DC-2AC8EF65BA31}.Release|Any CPU.ActiveCfg = Release|Any CPU
		{A200A278-5953-4F0A-A1DC-2AC8EF65BA31}.Release|Any CPU.Build.0 = Release|Any CPU
		{70D097D1-8849-4D5D-933F-B95EBFAE4457}.Debug|Any CPU.ActiveCfg = Debug|Any CPU
		{70D097D1-8849-4D5D-933F-B95EBFAE4457}.Debug|Any CPU.Build.0 = Debug|Any CPU
		{70D097D1-8849-4D5D-933F-B95EBFAE4457}.Release|Any CPU.ActiveCfg = Release|Any CPU
		{70D097D1-8849-4D5D-933F-B95EBFAE4457}.Release|Any CPU.Build.0 = Release|Any CPU
		{D09EEAE6-A6D2-4D66-A540-07C7BAE0FD42}.Debug|Any CPU.ActiveCfg = Debug|Any CPU
		{D09EEAE6-A6D2-4D66-A540-07C7BAE0FD42}.Debug|Any CPU.Build.0 = Debug|Any CPU
		{D09EEAE6-A6D2-4D66-A540-07C7BAE0FD42}.Release|Any CPU.ActiveCfg = Release|Any CPU
		{D09EEAE6-A6D2-4D66-A540-07C7BAE0FD42}.Release|Any CPU.Build.0 = Release|Any CPU
		{C8D00EC7-CB9F-46AB-8083-3FE50F9BD757}.Debug|Any CPU.ActiveCfg = Debug|Any CPU
		{C8D00EC7-CB9F-46AB-8083-3FE50F9BD757}.Debug|Any CPU.Build.0 = Debug|Any CPU
		{C8D00EC7-CB9F-46AB-8083-3FE50F9BD757}.Release|Any CPU.ActiveCfg = Release|Any CPU
		{C8D00EC7-CB9F-46AB-8083-3FE50F9BD757}.Release|Any CPU.Build.0 = Release|Any CPU
		{AFA35015-6A7A-4926-B4AF-865E480A36F1}.Debug|Any CPU.ActiveCfg = Debug|Any CPU
		{AFA35015-6A7A-4926-B4AF-865E480A36F1}.Debug|Any CPU.Build.0 = Debug|Any CPU
		{AFA35015-6A7A-4926-B4AF-865E480A36F1}.Release|Any CPU.ActiveCfg = Release|Any CPU
		{AFA35015-6A7A-4926-B4AF-865E480A36F1}.Release|Any CPU.Build.0 = Release|Any CPU
		{07F01DF4-B5C1-4658-BEB5-1A6704211CE3}.Debug|Any CPU.ActiveCfg = Debug|Any CPU
		{07F01DF4-B5C1-4658-BEB5-1A6704211CE3}.Debug|Any CPU.Build.0 = Debug|Any CPU
		{07F01DF4-B5C1-4658-BEB5-1A6704211CE3}.Release|Any CPU.ActiveCfg = Release|Any CPU
		{07F01DF4-B5C1-4658-BEB5-1A6704211CE3}.Release|Any CPU.Build.0 = Release|Any CPU
	EndGlobalSection
	GlobalSection(SolutionProperties) = preSolution
		HideSolutionNode = FALSE
	EndGlobalSection
	GlobalSection(ExtensibilityGlobals) = postSolution
		SolutionGuid = {8ED8B6B4-4F5A-401A-998A-8789CB55511E}
	EndGlobalSection
EndGlobal
