
Microsoft Visual Studio Solution File, Format Version 12.00
# Visual Studio Version 16
VisualStudioVersion = 16.0.31515.178
MinimumVisualStudioVersion = 10.0.40219.1
Project("{9A19103F-16F7-4668-BE54-9A1E7A4F7556}") = "Csharp进阶", "Csharp进阶.csproj", "{23FD5B11-9C1F-486E-8123-9C0C4BA65F58}"
EndProject
Project("{9A19103F-16F7-4668-BE54-9A1E7A4F7556}") = "Lesson1_ArrayList", "Lesson1_ArrayList\Lesson1_ArrayList.csproj", "{EBD2DCDC-6558-43EB-A6D9-7D27831A7DD0}"
EndProject
Project("{9A19103F-16F7-4668-BE54-9A1E7A4F7556}") = "Lesson2_Stack", "Lesson2_Stack\Lesson2_Stack.csproj", "{41692B79-3062-4E8A-BD59-74B14C1E9DCD}"
EndProject
Project("{9A19103F-16F7-4668-BE54-9A1E7A4F7556}") = "lesson3_Queue", "lesson3_Queue\lesson3_Queue.csproj", "{FCC33798-A610-44BA-9B0B-ED8271554D17}"
EndProject
Project("{9A19103F-16F7-4668-BE54-9A1E7A4F7556}") = "Lesson4_Hashtable", "Lesson4_Hashtable\Lesson4_Hashtable.csproj", "{74C11B79-561A-4231-8FBD-439C91FDF679}"
EndProject
Project("{9A19103F-16F7-4668-BE54-9A1E7A4F7556}") = "Lesson5_泛型", "Lesson5_泛型\Lesson5_泛型.csproj", "{40A9EDAF-3DA0-4912-A3D8-CE2CADD2C9B4}"
EndProject
Project("{9A19103F-16F7-4668-BE54-9A1E7A4F7556}") = "Lesson6_泛型约束", "Lesson6_泛型约束\Lesson6_泛型约束.csproj", "{CCB1989B-36F6-4FE0-8E81-F65D7BD1E1D0}"
EndProject
Project("{9A19103F-16F7-4668-BE54-9A1E7A4F7556}") = "Lesson7_List", "Lesson7_List\Lesson7_List.csproj", "{3CECCB46-5EFC-41AD-AD30-A2CF558BC457}"
EndProject
Project("{9A19103F-16F7-4668-BE54-9A1E7A4F7556}") = "Lesson8_Dictionary", "Lesson8_Dictionary\Lesson8_Dictionary.csproj", "{9C3344C0-F810-4A88-8FF9-FEA6A0F266FB}"
EndProject
Project("{9A19103F-16F7-4668-BE54-9A1E7A4F7556}") = "Lesson9_顺序存储和链式存储", "Lesson9_顺序存储和链式存储\Lesson9_顺序存储和链式存储.csproj", "{D0386EDA-E300-4CF5-8BE2-B2FFB3F88AA2}"
EndProject
Project("{9A19103F-16F7-4668-BE54-9A1E7A4F7556}") = "Lesson10_LinkedList", "Lesson10_LinkedList\Lesson10_LinkedList.csproj", "{ACC65815-4E64-4DC5-9114-EF07E665213A}"
EndProject
Project("{9A19103F-16F7-4668-BE54-9A1E7A4F7556}") = "Lesson11_泛型栈和队列", "Lesson11_泛型栈和队列\Lesson11_泛型栈和队列.csproj", "{536D6223-5756-4B5B-B021-373664A20E85}"
EndProject
Project("{9A19103F-16F7-4668-BE54-9A1E7A4F7556}") = "lesson12_委托", "lesson12_委托\lesson12_委托.csproj", "{018CCCB8-03C2-4F68-9F32-969EE11F9360}"
EndProject
Project("{9A19103F-16F7-4668-BE54-9A1E7A4F7556}") = "Lesson13_事件", "Lesson13_事件\Lesson13_事件.csproj", "{477A8D54-531A-43B7-AD7F-6C65CFF520AC}"
EndProject
Project("{FAE04EC0-301F-11D3-BF4B-00C04F79EFBC}") = "Lesson14_匿名函数", "Lesson14_匿名函数\Lesson14_匿名函数.csproj", "{E24CCF10-A351-40D2-9FBF-CA929DFD6E1A}"
EndProject
Project("{FAE04EC0-301F-11D3-BF4B-00C04F79EFBC}") = "Lesson15_lambad表达式", "Lesson15_lambad表达式\Lesson15_lambad表达式.csproj", "{B417F7CC-813C-457E-AF22-1904D7331E75}"
EndProject
Project("{FAE04EC0-301F-11D3-BF4B-00C04F79EFBC}") = "Lesson16_List排序", "Lesson16_List排序\Lesson16_List排序.csproj", "{251E9F0E-8E13-4BA1-B6FB-6D7493DC9D52}"
EndProject
Project("{FAE04EC0-301F-11D3-BF4B-00C04F79EFBC}") = "Lesson17_协变逆变", "Lesson17_协变逆变\Lesson17_协变逆变.csproj", "{FFC39B32-13F0-4B15-8D93-DDCE8A8E414F}"
EndProject
Project("{FAE04EC0-301F-11D3-BF4B-00C04F79EFBC}") = "Lesson18_多线程", "Lesson18_多线程\Lesson18_多线程.csproj", "{094EE62F-B8D5-456B-9FBD-5BC58C809600}"
EndProject
Project("{FAE04EC0-301F-11D3-BF4B-00C04F79EFBC}") = "Lesson19_预处理器指令", "Lesson19_预处理器指令\Lesson19_预处理器指令.csproj", "{1A0E50EC-1689-4496-8495-E1E51B61D8E1}"
EndProject
Project("{FAE04EC0-301F-11D3-BF4B-00C04F79EFBC}") = "Lesson20_反射", "Lesson20_反射\Lesson20_反射.csproj", "{A79251EF-5365-4F85-B2C4-34DAFD567A98}"
EndProject
Project("{FAE04EC0-301F-11D3-BF4B-00C04F79EFBC}") = "类库测试", "类库测试\类库测试.csproj", "{D42A56EB-1D7B-445B-88B3-DF0C05870B05}"
EndProject
Project("{FAE04EC0-301F-11D3-BF4B-00C04F79EFBC}") = "Lesson21_特性", "Lesson21_特性\Lesson21_特性.csproj", "{51C7BC18-1A9A-45C1-87D4-A6AE28AFA394}"
EndProject
Global
	GlobalSection(SolutionConfigurationPlatforms) = preSolution
		Debug|Any CPU = Debug|Any CPU
		Release|Any CPU = Release|Any CPU
	EndGlobalSection
	GlobalSection(ProjectConfigurationPlatforms) = postSolution
		{23FD5B11-9C1F-486E-8123-9C0C4BA65F58}.Debug|Any CPU.ActiveCfg = Debug|Any CPU
		{23FD5B11-9C1F-486E-8123-9C0C4BA65F58}.Debug|Any CPU.Build.0 = Debug|Any CPU
		{23FD5B11-9C1F-486E-8123-9C0C4BA65F58}.Release|Any CPU.ActiveCfg = Release|Any CPU
		{23FD5B11-9C1F-486E-8123-9C0C4BA65F58}.Release|Any CPU.Build.0 = Release|Any CPU
		{EBD2DCDC-6558-43EB-A6D9-7D27831A7DD0}.Debug|Any CPU.ActiveCfg = Debug|Any CPU
		{EBD2DCDC-6558-43EB-A6D9-7D27831A7DD0}.Debug|Any CPU.Build.0 = Debug|Any CPU
		{EBD2DCDC-6558-43EB-A6D9-7D27831A7DD0}.Release|Any CPU.ActiveCfg = Release|Any CPU
		{EBD2DCDC-6558-43EB-A6D9-7D27831A7DD0}.Release|Any CPU.Build.0 = Release|Any CPU
		{41692B79-3062-4E8A-BD59-74B14C1E9DCD}.Debug|Any CPU.ActiveCfg = Debug|Any CPU
		{41692B79-3062-4E8A-BD59-74B14C1E9DCD}.Debug|Any CPU.Build.0 = Debug|Any CPU
		{41692B79-3062-4E8A-BD59-74B14C1E9DCD}.Release|Any CPU.ActiveCfg = Release|Any CPU
		{41692B79-3062-4E8A-BD59-74B14C1E9DCD}.Release|Any CPU.Build.0 = Release|Any CPU
		{FCC33798-A610-44BA-9B0B-ED8271554D17}.Debug|Any CPU.ActiveCfg = Debug|Any CPU
		{FCC33798-A610-44BA-9B0B-ED8271554D17}.Debug|Any CPU.Build.0 = Debug|Any CPU
		{FCC33798-A610-44BA-9B0B-ED8271554D17}.Release|Any CPU.ActiveCfg = Release|Any CPU
		{FCC33798-A610-44BA-9B0B-ED8271554D17}.Release|Any CPU.Build.0 = Release|Any CPU
		{74C11B79-561A-4231-8FBD-439C91FDF679}.Debug|Any CPU.ActiveCfg = Debug|Any CPU
		{74C11B79-561A-4231-8FBD-439C91FDF679}.Debug|Any CPU.Build.0 = Debug|Any CPU
		{74C11B79-561A-4231-8FBD-439C91FDF679}.Release|Any CPU.ActiveCfg = Release|Any CPU
		{74C11B79-561A-4231-8FBD-439C91FDF679}.Release|Any CPU.Build.0 = Release|Any CPU
		{40A9EDAF-3DA0-4912-A3D8-CE2CADD2C9B4}.Debug|Any CPU.ActiveCfg = Debug|Any CPU
		{40A9EDAF-3DA0-4912-A3D8-CE2CADD2C9B4}.Debug|Any CPU.Build.0 = Debug|Any CPU
		{40A9EDAF-3DA0-4912-A3D8-CE2CADD2C9B4}.Release|Any CPU.ActiveCfg = Release|Any CPU
		{40A9EDAF-3DA0-4912-A3D8-CE2CADD2C9B4}.Release|Any CPU.Build.0 = Release|Any CPU
		{CCB1989B-36F6-4FE0-8E81-F65D7BD1E1D0}.Debug|Any CPU.ActiveCfg = Debug|Any CPU
		{CCB1989B-36F6-4FE0-8E81-F65D7BD1E1D0}.Debug|Any CPU.Build.0 = Debug|Any CPU
		{CCB1989B-36F6-4FE0-8E81-F65D7BD1E1D0}.Release|Any CPU.ActiveCfg = Release|Any CPU
		{CCB1989B-36F6-4FE0-8E81-F65D7BD1E1D0}.Release|Any CPU.Build.0 = Release|Any CPU
		{3CECCB46-5EFC-41AD-AD30-A2CF558BC457}.Debug|Any CPU.ActiveCfg = Debug|Any CPU
		{3CECCB46-5EFC-41AD-AD30-A2CF558BC457}.Debug|Any CPU.Build.0 = Debug|Any CPU
		{3CECCB46-5EFC-41AD-AD30-A2CF558BC457}.Release|Any CPU.ActiveCfg = Release|Any CPU
		{3CECCB46-5EFC-41AD-AD30-A2CF558BC457}.Release|Any CPU.Build.0 = Release|Any CPU
		{9C3344C0-F810-4A88-8FF9-FEA6A0F266FB}.Debug|Any CPU.ActiveCfg = Debug|Any CPU
		{9C3344C0-F810-4A88-8FF9-FEA6A0F266FB}.Debug|Any CPU.Build.0 = Debug|Any CPU
		{9C3344C0-F810-4A88-8FF9-FEA6A0F266FB}.Release|Any CPU.ActiveCfg = Release|Any CPU
		{9C3344C0-F810-4A88-8FF9-FEA6A0F266FB}.Release|Any CPU.Build.0 = Release|Any CPU
		{D0386EDA-E300-4CF5-8BE2-B2FFB3F88AA2}.Debug|Any CPU.ActiveCfg = Debug|Any CPU
		{D0386EDA-E300-4CF5-8BE2-B2FFB3F88AA2}.Debug|Any CPU.Build.0 = Debug|Any CPU
		{D0386EDA-E300-4CF5-8BE2-B2FFB3F88AA2}.Release|Any CPU.ActiveCfg = Release|Any CPU
		{D0386EDA-E300-4CF5-8BE2-B2FFB3F88AA2}.Release|Any CPU.Build.0 = Release|Any CPU
		{ACC65815-4E64-4DC5-9114-EF07E665213A}.Debug|Any CPU.ActiveCfg = Debug|Any CPU
		{ACC65815-4E64-4DC5-9114-EF07E665213A}.Debug|Any CPU.Build.0 = Debug|Any CPU
		{ACC65815-4E64-4DC5-9114-EF07E665213A}.Release|Any CPU.ActiveCfg = Release|Any CPU
		{ACC65815-4E64-4DC5-9114-EF07E665213A}.Release|Any CPU.Build.0 = Release|Any CPU
		{536D6223-5756-4B5B-B021-373664A20E85}.Debug|Any CPU.ActiveCfg = Debug|Any CPU
		{536D6223-5756-4B5B-B021-373664A20E85}.Debug|Any CPU.Build.0 = Debug|Any CPU
		{536D6223-5756-4B5B-B021-373664A20E85}.Release|Any CPU.ActiveCfg = Release|Any CPU
		{536D6223-5756-4B5B-B021-373664A20E85}.Release|Any CPU.Build.0 = Release|Any CPU
		{018CCCB8-03C2-4F68-9F32-969EE11F9360}.Debug|Any CPU.ActiveCfg = Debug|Any CPU
		{018CCCB8-03C2-4F68-9F32-969EE11F9360}.Debug|Any CPU.Build.0 = Debug|Any CPU
		{018CCCB8-03C2-4F68-9F32-969EE11F9360}.Release|Any CPU.ActiveCfg = Release|Any CPU
		{018CCCB8-03C2-4F68-9F32-969EE11F9360}.Release|Any CPU.Build.0 = Release|Any CPU
		{477A8D54-531A-43B7-AD7F-6C65CFF520AC}.Debug|Any CPU.ActiveCfg = Debug|Any CPU
		{477A8D54-531A-43B7-AD7F-6C65CFF520AC}.Debug|Any CPU.Build.0 = Debug|Any CPU
		{477A8D54-531A-43B7-AD7F-6C65CFF520AC}.Release|Any CPU.ActiveCfg = Release|Any CPU
		{477A8D54-531A-43B7-AD7F-6C65CFF520AC}.Release|Any CPU.Build.0 = Release|Any CPU
		{E24CCF10-A351-40D2-9FBF-CA929DFD6E1A}.Debug|Any CPU.ActiveCfg = Debug|Any CPU
		{E24CCF10-A351-40D2-9FBF-CA929DFD6E1A}.Debug|Any CPU.Build.0 = Debug|Any CPU
		{E24CCF10-A351-40D2-9FBF-CA929DFD6E1A}.Release|Any CPU.ActiveCfg = Release|Any CPU
		{E24CCF10-A351-40D2-9FBF-CA929DFD6E1A}.Release|Any CPU.Build.0 = Release|Any CPU
		{B417F7CC-813C-457E-AF22-1904D7331E75}.Debug|Any CPU.ActiveCfg = Debug|Any CPU
		{B417F7CC-813C-457E-AF22-1904D7331E75}.Debug|Any CPU.Build.0 = Debug|Any CPU
		{B417F7CC-813C-457E-AF22-1904D7331E75}.Release|Any CPU.ActiveCfg = Release|Any CPU
		{B417F7CC-813C-457E-AF22-1904D7331E75}.Release|Any CPU.Build.0 = Release|Any CPU
		{251E9F0E-8E13-4BA1-B6FB-6D7493DC9D52}.Debug|Any CPU.ActiveCfg = Debug|Any CPU
		{251E9F0E-8E13-4BA1-B6FB-6D7493DC9D52}.Debug|Any CPU.Build.0 = Debug|Any CPU
		{251E9F0E-8E13-4BA1-B6FB-6D7493DC9D52}.Release|Any CPU.ActiveCfg = Release|Any CPU
		{251E9F0E-8E13-4BA1-B6FB-6D7493DC9D52}.Release|Any CPU.Build.0 = Release|Any CPU
		{FFC39B32-13F0-4B15-8D93-DDCE8A8E414F}.Debug|Any CPU.ActiveCfg = Debug|Any CPU
		{FFC39B32-13F0-4B15-8D93-DDCE8A8E414F}.Debug|Any CPU.Build.0 = Debug|Any CPU
		{FFC39B32-13F0-4B15-8D93-DDCE8A8E414F}.Release|Any CPU.ActiveCfg = Release|Any CPU
		{FFC39B32-13F0-4B15-8D93-DDCE8A8E414F}.Release|Any CPU.Build.0 = Release|Any CPU
		{094EE62F-B8D5-456B-9FBD-5BC58C809600}.Debug|Any CPU.ActiveCfg = Debug|Any CPU
		{094EE62F-B8D5-456B-9FBD-5BC58C809600}.Debug|Any CPU.Build.0 = Debug|Any CPU
		{094EE62F-B8D5-456B-9FBD-5BC58C809600}.Release|Any CPU.ActiveCfg = Release|Any CPU
		{094EE62F-B8D5-456B-9FBD-5BC58C809600}.Release|Any CPU.Build.0 = Release|Any CPU
		{1A0E50EC-1689-4496-8495-E1E51B61D8E1}.Debug|Any CPU.ActiveCfg = Debug|Any CPU
		{1A0E50EC-1689-4496-8495-E1E51B61D8E1}.Debug|Any CPU.Build.0 = Debug|Any CPU
		{1A0E50EC-1689-4496-8495-E1E51B61D8E1}.Release|Any CPU.ActiveCfg = Release|Any CPU
		{1A0E50EC-1689-4496-8495-E1E51B61D8E1}.Release|Any CPU.Build.0 = Release|Any CPU
		{A79251EF-5365-4F85-B2C4-34DAFD567A98}.Debug|Any CPU.ActiveCfg = Debug|Any CPU
		{A79251EF-5365-4F85-B2C4-34DAFD567A98}.Debug|Any CPU.Build.0 = Debug|Any CPU
		{A79251EF-5365-4F85-B2C4-34DAFD567A98}.Release|Any CPU.ActiveCfg = Release|Any CPU
		{A79251EF-5365-4F85-B2C4-34DAFD567A98}.Release|Any CPU.Build.0 = Release|Any CPU
		{D42A56EB-1D7B-445B-88B3-DF0C05870B05}.Debug|Any CPU.ActiveCfg = Debug|Any CPU
		{D42A56EB-1D7B-445B-88B3-DF0C05870B05}.Debug|Any CPU.Build.0 = Debug|Any CPU
		{D42A56EB-1D7B-445B-88B3-DF0C05870B05}.Release|Any CPU.ActiveCfg = Release|Any CPU
		{D42A56EB-1D7B-445B-88B3-DF0C05870B05}.Release|Any CPU.Build.0 = Release|Any CPU
		{51C7BC18-1A9A-45C1-87D4-A6AE28AFA394}.Debug|Any CPU.ActiveCfg = Debug|Any CPU
		{51C7BC18-1A9A-45C1-87D4-A6AE28AFA394}.Debug|Any CPU.Build.0 = Debug|Any CPU
		{51C7BC18-1A9A-45C1-87D4-A6AE28AFA394}.Release|Any CPU.ActiveCfg = Release|Any CPU
		{51C7BC18-1A9A-45C1-87D4-A6AE28AFA394}.Release|Any CPU.Build.0 = Release|Any CPU
	EndGlobalSection
	GlobalSection(SolutionProperties) = preSolution
		HideSolutionNode = FALSE
	EndGlobalSection
	GlobalSection(ExtensibilityGlobals) = postSolution
		SolutionGuid = {E737A5D4-E693-473D-B1F3-DA9E4D285480}
	EndGlobalSection
EndGlobal
